// !$*UTF8*$!
{
	archiveVersion = 1;
	classes = {
	};
	objectVersion = 50;
	objects = {

/* Begin PBXBuildFile section */
		6A436E862604F52000162596 /* AppDelegate.swift in Sources */ = {isa = PBXBuildFile; fileRef = 6A436E852604F52000162596 /* AppDelegate.swift */; };
		6A436E882604F52000162596 /* SceneDelegate.swift in Sources */ = {isa = PBXBuildFile; fileRef = 6A436E872604F52000162596 /* SceneDelegate.swift */; };
		6A436E8A2604F52000162596 /* ViewController.swift in Sources */ = {isa = PBXBuildFile; fileRef = 6A436E892604F52000162596 /* ViewController.swift */; };
		6A436E8D2604F52000162596 /* Main.storyboard in Resources */ = {isa = PBXBuildFile; fileRef = 6A436E8B2604F52000162596 /* Main.storyboard */; };
		6A436E8F2604F52300162596 /* Assets.xcassets in Resources */ = {isa = PBXBuildFile; fileRef = 6A436E8E2604F52300162596 /* Assets.xcassets */; };
		6A436E922604F52300162596 /* LaunchScreen.storyboard in Resources */ = {isa = PBXBuildFile; fileRef = 6A436E902604F52300162596 /* LaunchScreen.storyboard */; };
		6A436E9D2604F52300162596 /* celebrationTests.swift in Sources */ = {isa = PBXBuildFile; fileRef = 6A436E9C2604F52300162596 /* celebrationTests.swift */; };
		6A436EA82604F52300162596 /* celebrationUITests.swift in Sources */ = {isa = PBXBuildFile; fileRef = 6A436EA72604F52300162596 /* celebrationUITests.swift */; };
		6A436EB92604FE0E00162596 /* LogInViewController.swift in Sources */ = {isa = PBXBuildFile; fileRef = 6A436EB82604FE0E00162596 /* LogInViewController.swift */; };
		6A436EBE2604FECD00162596 /* Create.swift in Sources */ = {isa = PBXBuildFile; fileRef = 6A436EBD2604FECD00162596 /* Create.swift */; };
		6A436EC32604FF0D00162596 /* PassR1.swift in Sources */ = {isa = PBXBuildFile; fileRef = 6A436EC22604FF0D00162596 /* PassR1.swift */; };
		6A436EC82604FF7A00162596 /* PassR2.swift in Sources */ = {isa = PBXBuildFile; fileRef = 6A436EC72604FF7A00162596 /* PassR2.swift */; };
		6A436ECD2604FF8500162596 /* PassR3.swift in Sources */ = {isa = PBXBuildFile; fileRef = 6A436ECC2604FF8500162596 /* PassR3.swift */; };
		6A436ED22604FF9100162596 /* PassR4.swift in Sources */ = {isa = PBXBuildFile; fileRef = 6A436ED12604FF9100162596 /* PassR4.swift */; };
		6A436ED7260500AA00162596 /* Home.swift in Sources */ = {isa = PBXBuildFile; fileRef = 6A436ED6260500AA00162596 /* Home.swift */; };
		6A436EDC260501E800162596 /* CalendarView.swift in Sources */ = {isa = PBXBuildFile; fileRef = 6A436EDB260501E800162596 /* CalendarView.swift */; };
		6A436EE1260501F500162596 /* ListView.swift in Sources */ = {isa = PBXBuildFile; fileRef = 6A436EE0260501F500162596 /* ListView.swift */; };
		6A436EEB2605021200162596 /* EditContact.swift in Sources */ = {isa = PBXBuildFile; fileRef = 6A436EEA2605021200162596 /* EditContact.swift */; };
		6A436EF02605024500162596 /* ViewContact.swift in Sources */ = {isa = PBXBuildFile; fileRef = 6A436EEF2605024500162596 /* ViewContact.swift */; };
		6A436EF52605025500162596 /* Mail.swift in Sources */ = {isa = PBXBuildFile; fileRef = 6A436EF42605025500162596 /* Mail.swift */; };
		6A436EFA2605026700162596 /* Settings.swift in Sources */ = {isa = PBXBuildFile; fileRef = 6A436EF92605026700162596 /* Settings.swift */; };
		6A436F02260502B500162596 /* CreateContact.swift in Sources */ = {isa = PBXBuildFile; fileRef = 6A436F01260502B500162596 /* CreateContact.swift */; };
/* End PBXBuildFile section */

/* Begin PBXContainerItemProxy section */
		6A436E992604F52300162596 /* PBXContainerItemProxy */ = {
			isa = PBXContainerItemProxy;
			containerPortal = 6A436E7A2604F52000162596 /* Project object */;
			proxyType = 1;
			remoteGlobalIDString = 6A436E812604F52000162596;
			remoteInfo = celebration;
		};
		6A436EA42604F52300162596 /* PBXContainerItemProxy */ = {
			isa = PBXContainerItemProxy;
			containerPortal = 6A436E7A2604F52000162596 /* Project object */;
			proxyType = 1;
			remoteGlobalIDString = 6A436E812604F52000162596;
			remoteInfo = celebration;
		};
/* End PBXContainerItemProxy section */

/* Begin PBXFileReference section */
		6A436E822604F52000162596 /* celebration.app */ = {isa = PBXFileReference; explicitFileType = wrapper.application; includeInIndex = 0; path = celebration.app; sourceTree = BUILT_PRODUCTS_DIR; };
		6A436E852604F52000162596 /* AppDelegate.swift */ = {isa = PBXFileReference; lastKnownFileType = sourcecode.swift; path = AppDelegate.swift; sourceTree = "<group>"; };
		6A436E872604F52000162596 /* SceneDelegate.swift */ = {isa = PBXFileReference; lastKnownFileType = sourcecode.swift; path = SceneDelegate.swift; sourceTree = "<group>"; };
		6A436E892604F52000162596 /* ViewController.swift */ = {isa = PBXFileReference; lastKnownFileType = sourcecode.swift; path = ViewController.swift; sourceTree = "<group>"; };
		6A436E8C2604F52000162596 /* Base */ = {isa = PBXFileReference; lastKnownFileType = file.storyboard; name = Base; path = Base.lproj/Main.storyboard; sourceTree = "<group>"; };
		6A436E8E2604F52300162596 /* Assets.xcassets */ = {isa = PBXFileReference; lastKnownFileType = folder.assetcatalog; path = Assets.xcassets; sourceTree = "<group>"; };
		6A436E912604F52300162596 /* Base */ = {isa = PBXFileReference; lastKnownFileType = file.storyboard; name = Base; path = Base.lproj/LaunchScreen.storyboard; sourceTree = "<group>"; };
		6A436E932604F52300162596 /* Info.plist */ = {isa = PBXFileReference; lastKnownFileType = text.plist.xml; path = Info.plist; sourceTree = "<group>"; };
		6A436E982604F52300162596 /* celebrationTests.xctest */ = {isa = PBXFileReference; explicitFileType = wrapper.cfbundle; includeInIndex = 0; path = celebrationTests.xctest; sourceTree = BUILT_PRODUCTS_DIR; };
		6A436E9C2604F52300162596 /* celebrationTests.swift */ = {isa = PBXFileReference; lastKnownFileType = sourcecode.swift; path = celebrationTests.swift; sourceTree = "<group>"; };
		6A436E9E2604F52300162596 /* Info.plist */ = {isa = PBXFileReference; lastKnownFileType = text.plist.xml; path = Info.plist; sourceTree = "<group>"; };
		6A436EA32604F52300162596 /* celebrationUITests.xctest */ = {isa = PBXFileReference; explicitFileType = wrapper.cfbundle; includeInIndex = 0; path = celebrationUITests.xctest; sourceTree = BUILT_PRODUCTS_DIR; };
		6A436EA72604F52300162596 /* celebrationUITests.swift */ = {isa = PBXFileReference; lastKnownFileType = sourcecode.swift; path = celebrationUITests.swift; sourceTree = "<group>"; };
		6A436EA92604F52300162596 /* Info.plist */ = {isa = PBXFileReference; lastKnownFileType = text.plist.xml; path = Info.plist; sourceTree = "<group>"; };
		6A436EB82604FE0E00162596 /* LogInViewController.swift */ = {isa = PBXFileReference; lastKnownFileType = sourcecode.swift; path = LogInViewController.swift; sourceTree = "<group>"; };
		6A436EBD2604FECD00162596 /* Create.swift */ = {isa = PBXFileReference; lastKnownFileType = sourcecode.swift; path = Create.swift; sourceTree = "<group>"; };
		6A436EC22604FF0D00162596 /* PassR1.swift */ = {isa = PBXFileReference; lastKnownFileType = sourcecode.swift; path = PassR1.swift; sourceTree = "<group>"; };
		6A436EC72604FF7A00162596 /* PassR2.swift */ = {isa = PBXFileReference; lastKnownFileType = sourcecode.swift; path = PassR2.swift; sourceTree = "<group>"; };
		6A436ECC2604FF8500162596 /* PassR3.swift */ = {isa = PBXFileReference; lastKnownFileType = sourcecode.swift; path = PassR3.swift; sourceTree = "<group>"; };
		6A436ED12604FF9100162596 /* PassR4.swift */ = {isa = PBXFileReference; lastKnownFileType = sourcecode.swift; path = PassR4.swift; sourceTree = "<group>"; };
		6A436ED6260500AA00162596 /* Home.swift */ = {isa = PBXFileReference; lastKnownFileType = sourcecode.swift; path = Home.swift; sourceTree = "<group>"; };
		6A436EDB260501E800162596 /* CalendarView.swift */ = {isa = PBXFileReference; lastKnownFileType = sourcecode.swift; path = CalendarView.swift; sourceTree = "<group>"; };
		6A436EE0260501F500162596 /* ListView.swift */ = {isa = PBXFileReference; lastKnownFileType = sourcecode.swift; path = ListView.swift; sourceTree = "<group>"; };
		6A436EEA2605021200162596 /* EditContact.swift */ = {isa = PBXFileReference; lastKnownFileType = sourcecode.swift; path = EditContact.swift; sourceTree = "<group>"; };
		6A436EEF2605024500162596 /* ViewContact.swift */ = {isa = PBXFileReference; lastKnownFileType = sourcecode.swift; path = ViewContact.swift; sourceTree = "<group>"; };
		6A436EF42605025500162596 /* Mail.swift */ = {isa = PBXFileReference; lastKnownFileType = sourcecode.swift; path = Mail.swift; sourceTree = "<group>"; };
		6A436EF92605026700162596 /* Settings.swift */ = {isa = PBXFileReference; lastKnownFileType = sourcecode.swift; path = Settings.swift; sourceTree = "<group>"; };
		6A436F01260502B500162596 /* CreateContact.swift */ = {isa = PBXFileReference; lastKnownFileType = sourcecode.swift; path = CreateContact.swift; sourceTree = "<group>"; };
/* End PBXFileReference section */

/* Begin PBXFrameworksBuildPhase section */
		6A436E7F2604F52000162596 /* Frameworks */ = {
			isa = PBXFrameworksBuildPhase;
			buildActionMask = 2147483647;
			files = (
			);
			runOnlyForDeploymentPostprocessing = 0;
		};
		6A436E952604F52300162596 /* Frameworks */ = {
			isa = PBXFrameworksBuildPhase;
			buildActionMask = 2147483647;
			files = (
			);
			runOnlyForDeploymentPostprocessing = 0;
		};
		6A436EA02604F52300162596 /* Frameworks */ = {
			isa = PBXFrameworksBuildPhase;
			buildActionMask = 2147483647;
			files = (
			);
			runOnlyForDeploymentPostprocessing = 0;
		};
/* End PBXFrameworksBuildPhase section */

/* Begin PBXGroup section */
		6A436E792604F52000162596 = {
			isa = PBXGroup;
			children = (
				6A436F01260502B500162596 /* CreateContact.swift */,
				6A436EDB260501E800162596 /* CalendarView.swift */,
				6A436EE0260501F500162596 /* ListView.swift */,
				6A436EEF2605024500162596 /* ViewContact.swift */,
				6A436EF42605025500162596 /* Mail.swift */,
				6A436EF92605026700162596 /* Settings.swift */,
				6A436EEA2605021200162596 /* EditContact.swift */,
				6A436ED6260500AA00162596 /* Home.swift */,
				6A436EC72604FF7A00162596 /* PassR2.swift */,
				6A436ECC2604FF8500162596 /* PassR3.swift */,
				6A436ED12604FF9100162596 /* PassR4.swift */,
				6A436EC22604FF0D00162596 /* PassR1.swift */,
				6A436EBD2604FECD00162596 /* Create.swift */,
				6A436E842604F52000162596 /* celebration */,
				6A436E9B2604F52300162596 /* celebrationTests */,
				6A436EA62604F52300162596 /* celebrationUITests */,
				6A436E832604F52000162596 /* Products */,
			);
			sourceTree = "<group>";
		};
		6A436E832604F52000162596 /* Products */ = {
			isa = PBXGroup;
			children = (
				6A436E822604F52000162596 /* celebration.app */,
				6A436E982604F52300162596 /* celebrationTests.xctest */,
				6A436EA32604F52300162596 /* celebrationUITests.xctest */,
			);
			name = Products;
			sourceTree = "<group>";
		};
		6A436E842604F52000162596 /* celebration */ = {
			isa = PBXGroup;
			children = (
				6A436E852604F52000162596 /* AppDelegate.swift */,
				6A436E872604F52000162596 /* SceneDelegate.swift */,
				6A436E892604F52000162596 /* ViewController.swift */,
				6A436E8B2604F52000162596 /* Main.storyboard */,
				6A436EB82604FE0E00162596 /* LogInViewController.swift */,
				6A436E8E2604F52300162596 /* Assets.xcassets */,
				6A436E902604F52300162596 /* LaunchScreen.storyboard */,
				6A436E932604F52300162596 /* Info.plist */,
			);
			path = celebration;
			sourceTree = "<group>";
		};
		6A436E9B2604F52300162596 /* celebrationTests */ = {
			isa = PBXGroup;
			children = (
				6A436E9C2604F52300162596 /* celebrationTests.swift */,
				6A436E9E2604F52300162596 /* Info.plist */,
			);
			path = celebrationTests;
			sourceTree = "<group>";
		};
		6A436EA62604F52300162596 /* celebrationUITests */ = {
			isa = PBXGroup;
			children = (
				6A436EA72604F52300162596 /* celebrationUITests.swift */,
				6A436EA92604F52300162596 /* Info.plist */,
			);
			path = celebrationUITests;
			sourceTree = "<group>";
		};
/* End PBXGroup section */

/* Begin PBXNativeTarget section */
		6A436E812604F52000162596 /* celebration */ = {
			isa = PBXNativeTarget;
			buildConfigurationList = 6A436EAC2604F52300162596 /* Build configuration list for PBXNativeTarget "celebration" */;
			buildPhases = (
				6A436E7E2604F52000162596 /* Sources */,
				6A436E7F2604F52000162596 /* Frameworks */,
				6A436E802604F52000162596 /* Resources */,
			);
			buildRules = (
			);
			dependencies = (
			);
			name = celebration;
			productName = celebration;
			productReference = 6A436E822604F52000162596 /* celebration.app */;
			productType = "com.apple.product-type.application";
		};
		6A436E972604F52300162596 /* celebrationTests */ = {
			isa = PBXNativeTarget;
			buildConfigurationList = 6A436EAF2604F52300162596 /* Build configuration list for PBXNativeTarget "celebrationTests" */;
			buildPhases = (
				6A436E942604F52300162596 /* Sources */,
				6A436E952604F52300162596 /* Frameworks */,
				6A436E962604F52300162596 /* Resources */,
			);
			buildRules = (
			);
			dependencies = (
				6A436E9A2604F52300162596 /* PBXTargetDependency */,
			);
			name = celebrationTests;
			productName = celebrationTests;
			productReference = 6A436E982604F52300162596 /* celebrationTests.xctest */;
			productType = "com.apple.product-type.bundle.unit-test";
		};
		6A436EA22604F52300162596 /* celebrationUITests */ = {
			isa = PBXNativeTarget;
			buildConfigurationList = 6A436EB22604F52300162596 /* Build configuration list for PBXNativeTarget "celebrationUITests" */;
			buildPhases = (
				6A436E9F2604F52300162596 /* Sources */,
				6A436EA02604F52300162596 /* Frameworks */,
				6A436EA12604F52300162596 /* Resources */,
			);
			buildRules = (
			);
			dependencies = (
				6A436EA52604F52300162596 /* PBXTargetDependency */,
			);
			name = celebrationUITests;
			productName = celebrationUITests;
			productReference = 6A436EA32604F52300162596 /* celebrationUITests.xctest */;
			productType = "com.apple.product-type.bundle.ui-testing";
		};
/* End PBXNativeTarget section */

/* Begin PBXProject section */
		6A436E7A2604F52000162596 /* Project object */ = {
			isa = PBXProject;
			attributes = {
				LastSwiftUpdateCheck = 1240;
				LastUpgradeCheck = 1240;
				TargetAttributes = {
					6A436E812604F52000162596 = {
						CreatedOnToolsVersion = 12.4;
					};
					6A436E972604F52300162596 = {
						CreatedOnToolsVersion = 12.4;
						TestTargetID = 6A436E812604F52000162596;
					};
					6A436EA22604F52300162596 = {
						CreatedOnToolsVersion = 12.4;
						TestTargetID = 6A436E812604F52000162596;
					};
				};
			};
			buildConfigurationList = 6A436E7D2604F52000162596 /* Build configuration list for PBXProject "celebration" */;
			compatibilityVersion = "Xcode 9.3";
			developmentRegion = en;
			hasScannedForEncodings = 0;
			knownRegions = (
				en,
				Base,
			);
			mainGroup = 6A436E792604F52000162596;
			productRefGroup = 6A436E832604F52000162596 /* Products */;
			projectDirPath = "";
			projectRoot = "";
			targets = (
				6A436E812604F52000162596 /* celebration */,
				6A436E972604F52300162596 /* celebrationTests */,
				6A436EA22604F52300162596 /* celebrationUITests */,
			);
		};
/* End PBXProject section */

/* Begin PBXResourcesBuildPhase section */
		6A436E802604F52000162596 /* Resources */ = {
			isa = PBXResourcesBuildPhase;
			buildActionMask = 2147483647;
			files = (
				6A436E922604F52300162596 /* LaunchScreen.storyboard in Resources */,
				6A436E8F2604F52300162596 /* Assets.xcassets in Resources */,
				6A436E8D2604F52000162596 /* Main.storyboard in Resources */,
			);
			runOnlyForDeploymentPostprocessing = 0;
		};
		6A436E962604F52300162596 /* Resources */ = {
			isa = PBXResourcesBuildPhase;
			buildActionMask = 2147483647;
			files = (
			);
			runOnlyForDeploymentPostprocessing = 0;
		};
		6A436EA12604F52300162596 /* Resources */ = {
			isa = PBXResourcesBuildPhase;
			buildActionMask = 2147483647;
			files = (
			);
			runOnlyForDeploymentPostprocessing = 0;
		};
/* End PBXResourcesBuildPhase section */

/* Begin PBXSourcesBuildPhase section */
		6A436E7E2604F52000162596 /* Sources */ = {
			isa = PBXSourcesBuildPhase;
			buildActionMask = 2147483647;
			files = (
				6A436EEB2605021200162596 /* EditContact.swift in Sources */,
				6A436EB92604FE0E00162596 /* LogInViewController.swift in Sources */,
				6A436EFA2605026700162596 /* Settings.swift in Sources */,
				6A436EC82604FF7A00162596 /* PassR2.swift in Sources */,
				6A436ED7260500AA00162596 /* Home.swift in Sources */,
				6A436ED22604FF9100162596 /* PassR4.swift in Sources */,
				6A436E8A2604F52000162596 /* ViewController.swift in Sources */,
				6A436ECD2604FF8500162596 /* PassR3.swift in Sources */,
				6A436EF52605025500162596 /* Mail.swift in Sources */,
				6A436EDC260501E800162596 /* CalendarView.swift in Sources */,
				6A436EF02605024500162596 /* ViewContact.swift in Sources */,
				6A436E862604F52000162596 /* AppDelegate.swift in Sources */,
				6A436F02260502B500162596 /* CreateContact.swift in Sources */,
				6A436EE1260501F500162596 /* ListView.swift in Sources */,
				6A436E882604F52000162596 /* SceneDelegate.swift in Sources */,
				6A436EBE2604FECD00162596 /* Create.swift in Sources */,
				6A436EC32604FF0D00162596 /* PassR1.swift in Sources */,
			);
			runOnlyForDeploymentPostprocessing = 0;
		};
		6A436E942604F52300162596 /* Sources */ = {
			isa = PBXSourcesBuildPhase;
			buildActionMask = 2147483647;
			files = (
				6A436E9D2604F52300162596 /* celebrationTests.swift in Sources */,
			);
			runOnlyForDeploymentPostprocessing = 0;
		};
		6A436E9F2604F52300162596 /* Sources */ = {
			isa = PBXSourcesBuildPhase;
			buildActionMask = 2147483647;
			files = (
				6A436EA82604F52300162596 /* celebrationUITests.swift in Sources */,
			);
			runOnlyForDeploymentPostprocessing = 0;
		};
/* End PBXSourcesBuildPhase section */

/* Begin PBXTargetDependency section */
		6A436E9A2604F52300162596 /* PBXTargetDependency */ = {
			isa = PBXTargetDependency;
			target = 6A436E812604F52000162596 /* celebration */;
			targetProxy = 6A436E992604F52300162596 /* PBXContainerItemProxy */;
		};
		6A436EA52604F52300162596 /* PBXTargetDependency */ = {
			isa = PBXTargetDependency;
			target = 6A436E812604F52000162596 /* celebration */;
			targetProxy = 6A436EA42604F52300162596 /* PBXContainerItemProxy */;
		};
/* End PBXTargetDependency section */

/* Begin PBXVariantGroup section */
		6A436E8B2604F52000162596 /* Main.storyboard */ = {
			isa = PBXVariantGroup;
			children = (
				6A436E8C2604F52000162596 /* Base */,
			);
			name = Main.storyboard;
			sourceTree = "<group>";
		};
		6A436E902604F52300162596 /* LaunchScreen.storyboard */ = {
			isa = PBXVariantGroup;
			children = (
				6A436E912604F52300162596 /* Base */,
			);
			name = LaunchScreen.storyboard;
			sourceTree = "<group>";
		};
/* End PBXVariantGroup section */

/* Begin XCBuildConfiguration section */
		6A436EAA2604F52300162596 /* Debug */ = {
			isa = XCBuildConfiguration;
			buildSettings = {
				ALWAYS_SEARCH_USER_PATHS = NO;
				CLANG_ANALYZER_NONNULL = YES;
				CLANG_ANALYZER_NUMBER_OBJECT_CONVERSION = YES_AGGRESSIVE;
				CLANG_CXX_LANGUAGE_STANDARD = "gnu++14";
				CLANG_CXX_LIBRARY = "libc++";
				CLANG_ENABLE_MODULES = YES;
				CLANG_ENABLE_OBJC_ARC = YES;
				CLANG_ENABLE_OBJC_WEAK = YES;
				CLANG_WARN_BLOCK_CAPTURE_AUTORELEASING = YES;
				CLANG_WARN_BOOL_CONVERSION = YES;
				CLANG_WARN_COMMA = YES;
				CLANG_WARN_CONSTANT_CONVERSION = YES;
				CLANG_WARN_DEPRECATED_OBJC_IMPLEMENTATIONS = YES;
				CLANG_WARN_DIRECT_OBJC_ISA_USAGE = YES_ERROR;
				CLANG_WARN_DOCUMENTATION_COMMENTS = YES;
				CLANG_WARN_EMPTY_BODY = YES;
				CLANG_WARN_ENUM_CONVERSION = YES;
				CLANG_WARN_INFINITE_RECURSION = YES;
				CLANG_WARN_INT_CONVERSION = YES;
				CLANG_WARN_NON_LITERAL_NULL_CONVERSION = YES;
				CLANG_WARN_OBJC_IMPLICIT_RETAIN_SELF = YES;
				CLANG_WARN_OBJC_LITERAL_CONVERSION = YES;
				CLANG_WARN_OBJC_ROOT_CLASS = YES_ERROR;
				CLANG_WARN_QUOTED_INCLUDE_IN_FRAMEWORK_HEADER = YES;
				CLANG_WARN_RANGE_LOOP_ANALYSIS = YES;
				CLANG_WARN_STRICT_PROTOTYPES = YES;
				CLANG_WARN_SUSPICIOUS_MOVE = YES;
				CLANG_WARN_UNGUARDED_AVAILABILITY = YES_AGGRESSIVE;
				CLANG_WARN_UNREACHABLE_CODE = YES;
				CLANG_WARN__DUPLICATE_METHOD_MATCH = YES;
				COPY_PHASE_STRIP = NO;
				DEBUG_INFORMATION_FORMAT = dwarf;
				ENABLE_STRICT_OBJC_MSGSEND = YES;
				ENABLE_TESTABILITY = YES;
				GCC_C_LANGUAGE_STANDARD = gnu11;
				GCC_DYNAMIC_NO_PIC = NO;
				GCC_NO_COMMON_BLOCKS = YES;
				GCC_OPTIMIZATION_LEVEL = 0;
				GCC_PREPROCESSOR_DEFINITIONS = (
					"DEBUG=1",
					"$(inherited)",
				);
				GCC_WARN_64_TO_32_BIT_CONVERSION = YES;
				GCC_WARN_ABOUT_RETURN_TYPE = YES_ERROR;
				GCC_WARN_UNDECLARED_SELECTOR = YES;
				GCC_WARN_UNINITIALIZED_AUTOS = YES_AGGRESSIVE;
				GCC_WARN_UNUSED_FUNCTION = YES;
				GCC_WARN_UNUSED_VARIABLE = YES;
				IPHONEOS_DEPLOYMENT_TARGET = 14.4;
				MTL_ENABLE_DEBUG_INFO = INCLUDE_SOURCE;
				MTL_FAST_MATH = YES;
				ONLY_ACTIVE_ARCH = YES;
				SDKROOT = iphoneos;
				SWIFT_ACTIVE_COMPILATION_CONDITIONS = DEBUG;
				SWIFT_OPTIMIZATION_LEVEL = "-Onone";
			};
			name = Debug;
		};
		6A436EAB2604F52300162596 /* Release */ = {
			isa = XCBuildConfiguration;
			buildSettings = {
				ALWAYS_SEARCH_USER_PATHS = NO;
				CLANG_ANALYZER_NONNULL = YES;
				CLANG_ANALYZER_NUMBER_OBJECT_CONVERSION = YES_AGGRESSIVE;
				CLANG_CXX_LANGUAGE_STANDARD = "gnu++14";
				CLANG_CXX_LIBRARY = "libc++";
				CLANG_ENABLE_MODULES = YES;
				CLANG_ENABLE_OBJC_ARC = YES;
				CLANG_ENABLE_OBJC_WEAK = YES;
				CLANG_WARN_BLOCK_CAPTURE_AUTORELEASING = YES;
				CLANG_WARN_BOOL_CONVERSION = YES;
				CLANG_WARN_COMMA = YES;
				CLANG_WARN_CONSTANT_CONVERSION = YES;
				CLANG_WARN_DEPRECATED_OBJC_IMPLEMENTATIONS = YES;
				CLANG_WARN_DIRECT_OBJC_ISA_USAGE = YES_ERROR;
				CLANG_WARN_DOCUMENTATION_COMMENTS = YES;
				CLANG_WARN_EMPTY_BODY = YES;
				CLANG_WARN_ENUM_CONVERSION = YES;
				CLANG_WARN_INFINITE_RECURSION = YES;
				CLANG_WARN_INT_CONVERSION = YES;
				CLANG_WARN_NON_LITERAL_NULL_CONVERSION = YES;
				CLANG_WARN_OBJC_IMPLICIT_RETAIN_SELF = YES;
				CLANG_WARN_OBJC_LITERAL_CONVERSION = YES;
				CLANG_WARN_OBJC_ROOT_CLASS = YES_ERROR;
				CLANG_WARN_QUOTED_INCLUDE_IN_FRAMEWORK_HEADER = YES;
				CLANG_WARN_RANGE_LOOP_ANALYSIS = YES;
				CLANG_WARN_STRICT_PROTOTYPES = YES;
				CLANG_WARN_SUSPICIOUS_MOVE = YES;
				CLANG_WARN_UNGUARDED_AVAILABILITY = YES_AGGRESSIVE;
				CLANG_WARN_UNREACHABLE_CODE = YES;
				CLANG_WARN__DUPLICATE_METHOD_MATCH = YES;
				COPY_PHASE_STRIP = NO;
				DEBUG_INFORMATION_FORMAT = "dwarf-with-dsym";
				ENABLE_NS_ASSERTIONS = NO;
				ENABLE_STRICT_OBJC_MSGSEND = YES;
				GCC_C_LANGUAGE_STANDARD = gnu11;
				GCC_NO_COMMON_BLOCKS = YES;
				GCC_WARN_64_TO_32_BIT_CONVERSION = YES;
				GCC_WARN_ABOUT_RETURN_TYPE = YES_ERROR;
				GCC_WARN_UNDECLARED_SELECTOR = YES;
				GCC_WARN_UNINITIALIZED_AUTOS = YES_AGGRESSIVE;
				GCC_WARN_UNUSED_FUNCTION = YES;
				GCC_WARN_UNUSED_VARIABLE = YES;
				IPHONEOS_DEPLOYMENT_TARGET = 14.4;
				MTL_ENABLE_DEBUG_INFO = NO;
				MTL_FAST_MATH = YES;
				SDKROOT = iphoneos;
				SWIFT_COMPILATION_MODE = wholemodule;
				SWIFT_OPTIMIZATION_LEVEL = "-O";
				VALIDATE_PRODUCT = YES;
			};
			name = Release;
		};
		6A436EAD2604F52300162596 /* Debug */ = {
			isa = XCBuildConfiguration;
			buildSettings = {
				ASSETCATALOG_COMPILER_APPICON_NAME = AppIcon;
				ASSETCATALOG_COMPILER_GLOBAL_ACCENT_COLOR_NAME = AccentColor;
				CODE_SIGN_IDENTITY = "iPhone Developer";
				CODE_SIGN_STYLE = Manual;
				DEVELOPMENT_TEAM = 47J734W9F8;
				INFOPLIST_FILE = celebration/Info.plist;
				LD_RUNPATH_SEARCH_PATHS = (
					"$(inherited)",
					"@executable_path/Frameworks",
				);
				PRODUCT_BUNDLE_IDENTIFIER = com.etravnik.celebration;
				PRODUCT_NAME = "$(TARGET_NAME)";
				PROVISIONING_PROFILE_SPECIFIER = Celebration;
				SWIFT_VERSION = 5.0;
				TARGETED_DEVICE_FAMILY = "1,2";
			};
			name = Debug;
		};
		6A436EAE2604F52300162596 /* Release */ = {
			isa = XCBuildConfiguration;
			buildSettings = {
				ASSETCATALOG_COMPILER_APPICON_NAME = AppIcon;
				ASSETCATALOG_COMPILER_GLOBAL_ACCENT_COLOR_NAME = AccentColor;
				CODE_SIGN_IDENTITY = "iPhone Developer";
				CODE_SIGN_STYLE = Manual;
				DEVELOPMENT_TEAM = 47J734W9F8;
				INFOPLIST_FILE = celebration/Info.plist;
				LD_RUNPATH_SEARCH_PATHS = (
					"$(inherited)",
					"@executable_path/Frameworks",
				);
				PRODUCT_BUNDLE_IDENTIFIER = com.etravnik.celebration;
				PRODUCT_NAME = "$(TARGET_NAME)";
				PROVISIONING_PROFILE_SPECIFIER = Celebration;
				SWIFT_VERSION = 5.0;
				TARGETED_DEVICE_FAMILY = "1,2";
			};
			name = Release;
		};
		6A436EB02604F52300162596 /* Debug */ = {
			isa = XCBuildConfiguration;
			buildSettings = {
				ALWAYS_EMBED_SWIFT_STANDARD_LIBRARIES = YES;
				BUNDLE_LOADER = "$(TEST_HOST)";
				CODE_SIGN_STYLE = Automatic;
				INFOPLIST_FILE = celebrationTests/Info.plist;
				IPHONEOS_DEPLOYMENT_TARGET = 14.4;
				LD_RUNPATH_SEARCH_PATHS = (
					"$(inherited)",
					"@executable_path/Frameworks",
					"@loader_path/Frameworks",
				);
				PRODUCT_BUNDLE_IDENTIFIER = com.etravnik.celebrationTests;
				PRODUCT_NAME = "$(TARGET_NAME)";
				SWIFT_VERSION = 5.0;
				TARGETED_DEVICE_FAMILY = "1,2";
				TEST_HOST = "$(BUILT_PRODUCTS_DIR)/celebration.app/celebration";
			};
			name = Debug;
		};
		6A436EB12604F52300162596 /* Release */ = {
			isa = XCBuildConfiguration;
			buildSettings = {
				ALWAYS_EMBED_SWIFT_STANDARD_LIBRARIES = YES;
				BUNDLE_LOADER = "$(TEST_HOST)";
				CODE_SIGN_STYLE = Automatic;
				INFOPLIST_FILE = celebrationTests/Info.plist;
				IPHONEOS_DEPLOYMENT_TARGET = 14.4;
				LD_RUNPATH_SEARCH_PATHS = (
					"$(inherited)",
					"@executable_path/Frameworks",
					"@loader_path/Frameworks",
				);
				PRODUCT_BUNDLE_IDENTIFIER = com.etravnik.celebrationTests;
				PRODUCT_NAME = "$(TARGET_NAME)";
				SWIFT_VERSION = 5.0;
				TARGETED_DEVICE_FAMILY = "1,2";
				TEST_HOST = "$(BUILT_PRODUCTS_DIR)/celebration.app/celebration";
			};
			name = Release;
		};
		6A436EB32604F52300162596 /* Debug */ = {
			isa = XCBuildConfiguration;
			buildSettings = {
				ALWAYS_EMBED_SWIFT_STANDARD_LIBRARIES = YES;
				CODE_SIGN_STYLE = Automatic;
				INFOPLIST_FILE = celebrationUITests/Info.plist;
				LD_RUNPATH_SEARCH_PATHS = (
					"$(inherited)",
					"@executable_path/Frameworks",
					"@loader_path/Frameworks",
				);
				PRODUCT_BUNDLE_IDENTIFIER = com.etravnik.celebrationUITests;
				PRODUCT_NAME = "$(TARGET_NAME)";
				SWIFT_VERSION = 5.0;
				TARGETED_DEVICE_FAMILY = "1,2";
				TEST_TARGET_NAME = celebration;
			};
			name = Debug;
		};
		6A436EB42604F52300162596 /* Release */ = {
			isa = XCBuildConfiguration;
			buildSettings = {
				ALWAYS_EMBED_SWIFT_STANDARD_LIBRARIES = YES;
				CODE_SIGN_STYLE = Automatic;
				INFOPLIST_FILE = celebrationUITests/Info.plist;
				LD_RUNPATH_SEARCH_PATHS = (
					"$(inherited)",
					"@executable_path/Frameworks",
					"@loader_path/Frameworks",
				);
				PRODUCT_BUNDLE_IDENTIFIER = com.etravnik.celebrationUITests;
				PRODUCT_NAME = "$(TARGET_NAME)";
				SWIFT_VERSION = 5.0;
				TARGETED_DEVICE_FAMILY = "1,2";
				TEST_TARGET_NAME = celebration;
			};
			name = Release;
		};
/* End XCBuildConfiguration section */

/* Begin XCConfigurationList section */
		6A436E7D2604F52000162596 /* Build configuration list for PBXProject "celebration" */ = {
			isa = XCConfigurationList;
			buildConfigurations = (
				6A436EAA2604F52300162596 /* Debug */,
				6A436EAB2604F52300162596 /* Release */,
			);
			defaultConfigurationIsVisible = 0;
			defaultConfigurationName = Release;
		};
		6A436EAC2604F52300162596 /* Build configuration list for PBXNativeTarget "celebration" */ = {
			isa = XCConfigurationList;
			buildConfigurations = (
				6A436EAD2604F52300162596 /* Debug */,
				6A436EAE2604F52300162596 /* Release */,
			);
			defaultConfigurationIsVisible = 0;
			defaultConfigurationName = Release;
		};
		6A436EAF2604F52300162596 /* Build configuration list for PBXNativeTarget "celebrationTests" */ = {
			isa = XCConfigurationList;
			buildConfigurations = (
				6A436EB02604F52300162596 /* Debug */,
				6A436EB12604F52300162596 /* Release */,
			);
			defaultConfigurationIsVisible = 0;
			defaultConfigurationName = Release;
		};
		6A436EB22604F52300162596 /* Build configuration list for PBXNativeTarget "celebrationUITests" */ = {
			isa = XCConfigurationList;
			buildConfigurations = (
				6A436EB32604F52300162596 /* Debug */,
				6A436EB42604F52300162596 /* Release */,
			);
			defaultConfigurationIsVisible = 0;
			defaultConfigurationName = Release;
		};
/* End XCConfigurationList section */
	};
	rootObject = 6A436E7A2604F52000162596 /* Project object */;
}
